
Microsoft Visual Studio Solution File, Format Version 12.00
# Visual Studio 15
VisualStudioVersion = 15.0.28307.902
MinimumVisualStudioVersion = 10.0.40219.1
Project("{FAE04EC0-301F-11D3-BF4B-00C04F79EFBC}") = "SPZ8_var_9", "SPZ8_var_9\SPZ8_var_9.csproj", "{BA343406-8938-4991-B7D6-D478E7529F33}"
EndProject
Global
	GlobalSection(SolutionConfigurationPlatforms) = preSolution
		Debug|Any CPU = Debug|Any CPU
		Release|Any CPU = Release|Any CPU
	EndGlobalSection
	GlobalSection(ProjectConfigurationPlatforms) = postSolution
		{BA343406-8938-4991-B7D6-D478E7529F33}.Debug|Any CPU.ActiveCfg = Debug|Any CPU
		{BA343406-8938-4991-B7D6-D478E7529F33}.Debug|Any CPU.Build.0 = Debug|Any CPU
		{BA343406-8938-4991-B7D6-D478E7529F33}.Release|Any CPU.ActiveCfg = Release|Any CPU
		{BA343406-8938-4991-B7D6-D478E7529F33}.Release|Any CPU.Build.0 = Release|Any CPU
	EndGlobalSection
	GlobalSection(SolutionProperties) = preSolution
		HideSolutionNode = FALSE
	EndGlobalSection
	GlobalSection(ExtensibilityGlobals) = postSolution
		SolutionGuid = {0DF10777-6E94-4B85-90E9-540B40A42CEA}
	EndGlobalSection
EndGlobal
